
Microsoft Visual Studio Solution File, Format Version 12.00
# Visual Studio Version 17
VisualStudioVersion = 17.2.32526.322
MinimumVisualStudioVersion = 10.0.40219.1
Project("{9A19103F-16F7-4668-BE54-9A1E7A4F7556}") = "RPFramework", "RPFramework\RPFramework.csproj", "{2C0FEA94-BA03-41E7-AFAB-EBAFAFB2F5DA}"
EndProject
Project("{9A19103F-16F7-4668-BE54-9A1E7A4F7556}") = "Tests", "Tests\Tests.csproj", "{9281A49E-E3D1-422D-8502-C063DEB71FF4}"
EndProject
Project("{FAE04EC0-301F-11D3-BF4B-00C04F79EFBC}") = "BDDProject", "BDDProject\BDDProject.csproj", "{358834E3-DE7D-4ACE-A2A2-6332867B7E61}"
EndProject
Project("{FAE04EC0-301F-11D3-BF4B-00C04F79EFBC}") = "TestsApi", "TestsApi\TestsApi.csproj", "{E275815A-EA1D-4EFD-9359-AC0C21C34ECC}"
EndProject
Global
	GlobalSection(SolutionConfigurationPlatforms) = preSolution
		Debug|Any CPU = Debug|Any CPU
		Release|Any CPU = Release|Any CPU
	EndGlobalSection
	GlobalSection(ProjectConfigurationPlatforms) = postSolution
		{2C0FEA94-BA03-41E7-AFAB-EBAFAFB2F5DA}.Debug|Any CPU.ActiveCfg = Debug|Any CPU
		{2C0FEA94-BA03-41E7-AFAB-EBAFAFB2F5DA}.Debug|Any CPU.Build.0 = Debug|Any CPU
		{2C0FEA94-BA03-41E7-AFAB-EBAFAFB2F5DA}.Release|Any CPU.ActiveCfg = Release|Any CPU
		{2C0FEA94-BA03-41E7-AFAB-EBAFAFB2F5DA}.Release|Any CPU.Build.0 = Release|Any CPU
		{9281A49E-E3D1-422D-8502-C063DEB71FF4}.Debug|Any CPU.ActiveCfg = Debug|Any CPU
		{9281A49E-E3D1-422D-8502-C063DEB71FF4}.Debug|Any CPU.Build.0 = Debug|Any CPU
		{9281A49E-E3D1-422D-8502-C063DEB71FF4}.Release|Any CPU.ActiveCfg = Release|Any CPU
		{9281A49E-E3D1-422D-8502-C063DEB71FF4}.Release|Any CPU.Build.0 = Release|Any CPU
		{358834E3-DE7D-4ACE-A2A2-6332867B7E61}.Debug|Any CPU.ActiveCfg = Debug|Any CPU
		{358834E3-DE7D-4ACE-A2A2-6332867B7E61}.Debug|Any CPU.Build.0 = Debug|Any CPU
		{358834E3-DE7D-4ACE-A2A2-6332867B7E61}.Release|Any CPU.ActiveCfg = Release|Any CPU
		{358834E3-DE7D-4ACE-A2A2-6332867B7E61}.Release|Any CPU.Build.0 = Release|Any CPU
		{E275815A-EA1D-4EFD-9359-AC0C21C34ECC}.Debug|Any CPU.ActiveCfg = Debug|Any CPU
		{E275815A-EA1D-4EFD-9359-AC0C21C34ECC}.Debug|Any CPU.Build.0 = Debug|Any CPU
		{E275815A-EA1D-4EFD-9359-AC0C21C34ECC}.Release|Any CPU.ActiveCfg = Release|Any CPU
		{E275815A-EA1D-4EFD-9359-AC0C21C34ECC}.Release|Any CPU.Build.0 = Release|Any CPU
	EndGlobalSection
	GlobalSection(SolutionProperties) = preSolution
		HideSolutionNode = FALSE
	EndGlobalSection
	GlobalSection(ExtensibilityGlobals) = postSolution
		SolutionGuid = {EE303A26-0D92-4C49-ABB1-2C38ECCDD798}
	EndGlobalSection
EndGlobal
